{
  "name": "inspekt-web",
  "version": "1.0.0",
  "lockfileVersion": 3,
  "requires": true,
  "packages": {
    "": {
      "name": "inspekt-web",
      "version": "1.0.0",
      "license": "ISC",
      "dependencies": {
        "@ffmpeg/core": "^0.12.6",
        "@ffmpeg/ffmpeg": "^0.12.10",
        "@ffmpeg/util": "^0.12.1",
        "@material/web": "^1.2.0"
      }
    },
    "node_modules/@ffmpeg/core": {
      "version": "0.12.6",
      "resolved": "https://registry.npmjs.org/@ffmpeg/core/-/core-0.12.6.tgz",
      "integrity": "sha512-PrjWBTfGn2WVn9T7wGnzfFwChbqWeZc7tM9vvJZVRadYFUDakfzy7W0LpYC0cvvK0xT82qlBsk38lQhJ/Hps5A==",
      "engines": {
        "node": ">=16.x"
      }
    },
    "node_modules/@ffmpeg/ffmpeg": {
      "version": "0.12.10",
      "resolved": "https://registry.npmjs.org/@ffmpeg/ffmpeg/-/ffmpeg-0.12.10.tgz",
      "integrity": "sha512-lVtk8PW8e+NUzGZhPTWj2P1J4/NyuCrbDD3O9IGpSeLYtUZKBqZO8CNj1WYGghep/MXoM8e1qVY1GztTkf8YYQ==",
      "dependencies": {
        "@ffmpeg/types": "^0.12.2"
      },
      "engines": {
        "node": ">=18.x"
      }
    },
    "node_modules/@ffmpeg/types": {
      "version": "0.12.2",
      "resolved": "https://registry.npmjs.org/@ffmpeg/types/-/types-0.12.2.tgz",
      "integrity": "sha512-NJtxwPoLb60/z1Klv0ueshguWQ/7mNm106qdHkB4HL49LXszjhjCCiL+ldHJGQ9ai2Igx0s4F24ghigy//ERdA==",
      "engines": {
        "node": ">=16.x"
      }
    },
    "node_modules/@ffmpeg/util": {
      "version": "0.12.1",
      "resolved": "https://registry.npmjs.org/@ffmpeg/util/-/util-0.12.1.tgz",
      "integrity": "sha512-10jjfAKWaDyb8+nAkijcsi9wgz/y26LOc1NKJradNMyCIl6usQcBbhkjX5qhALrSBcOy6TOeksunTYa+a03qNQ==",
      "engines": {
        "node": ">=18.x"
      }
    },
    "node_modules/@lit-labs/ssr-dom-shim": {
      "version": "1.2.0",
      "resolved": "https://registry.npmjs.org/@lit-labs/ssr-dom-shim/-/ssr-dom-shim-1.2.0.tgz",
      "integrity": "sha512-yWJKmpGE6lUURKAaIltoPIE/wrbY3TEkqQt+X0m+7fQNnAv0keydnYvbiJFP1PnMhizmIWRWOG5KLhYyc/xl+g=="
    },
    "node_modules/@lit/reactive-element": {
      "version": "2.0.4",
      "resolved": "https://registry.npmjs.org/@lit/reactive-element/-/reactive-element-2.0.4.tgz",
      "integrity": "sha512-GFn91inaUa2oHLak8awSIigYz0cU0Payr1rcFsrkf5OJ5eSPxElyZfKh0f2p9FsTiZWXQdWGJeXZICEfXXYSXQ==",
      "dependencies": {
        "@lit-labs/ssr-dom-shim": "^1.2.0"
      }
    },
    "node_modules/@material/web": {
      "version": "1.2.0",
      "resolved": "https://registry.npmjs.org/@material/web/-/web-1.2.0.tgz",
      "integrity": "sha512-1+s9J7K2wtZid8HpNstGoFwNFE0/4bXgSYZx2Hy01aZL/8oOMZ6rN733onTJMgf3zz9xKizDQUscxB28ZtkDFQ==",
      "workspaces": [
        "catalog"
      ],
      "dependencies": {
        "lit": "^2.7.4 || ^3.0.0",
        "tslib": "^2.4.0"
      }
    },
    "node_modules/@types/trusted-types": {
      "version": "2.0.7",
      "resolved": "https://registry.npmjs.org/@types/trusted-types/-/trusted-types-2.0.7.tgz",
      "integrity": "sha512-ScaPdn1dQczgbl0QFTeTOmVHFULt394XJgOQNoyVhZ6r2vLnMLJfBPd53SB52T/3G36VI1/g2MZaX0cwDuXsfw=="
    },
    "node_modules/lit": {
      "version": "3.1.2",
      "resolved": "https://registry.npmjs.org/lit/-/lit-3.1.2.tgz",
      "integrity": "sha512-VZx5iAyMtX7CV4K8iTLdCkMaYZ7ipjJZ0JcSdJ0zIdGxxyurjIn7yuuSxNBD7QmjvcNJwr0JS4cAdAtsy7gZ6w==",
      "dependencies": {
        "@lit/reactive-element": "^2.0.4",
        "lit-element": "^4.0.4",
        "lit-html": "^3.1.2"
      }
    },
    "node_modules/lit-element": {
      "version": "4.0.4",
      "resolved": "https://registry.npmjs.org/lit-element/-/lit-element-4.0.4.tgz",
      "integrity": "sha512-98CvgulX6eCPs6TyAIQoJZBCQPo80rgXR+dVBs61cstJXqtI+USQZAbA4gFHh6L/mxBx9MrgPLHLsUgDUHAcCQ==",
      "dependencies": {
        "@lit-labs/ssr-dom-shim": "^1.2.0",
        "@lit/reactive-element": "^2.0.4",
        "lit-html": "^3.1.2"
      }
    },
    "node_modules/lit-html": {
      "version": "3.1.2",
      "resolved": "https://registry.npmjs.org/lit-html/-/lit-html-3.1.2.tgz",
      "integrity": "sha512-3OBZSUrPnAHoKJ9AMjRL/m01YJxQMf+TMHanNtTHG68ubjnZxK0RFl102DPzsw4mWnHibfZIBJm3LWCZ/LmMvg==",
      "dependencies": {
        "@types/trusted-types": "^2.0.2"
      }
    },
    "node_modules/tslib": {
      "version": "2.6.2",
      "resolved": "https://registry.npmjs.org/tslib/-/tslib-2.6.2.tgz",
      "integrity": "sha512-AEYxH93jGFPn/a2iVAwW87VuUIkR1FVUKB77NwMF7nBTDkDrrT/Hpt/IrCJ0QXhW27jTBDcf5ZY7w6RiqTMw2Q=="
    }
  }
}
